{
  "name": "atma",
  "version": "0.12.00",
  "lockfileVersion": 1,
  "requires": true,
  "dependencies": {
    "@types/jquery": {
      "version": "3.3.29",
      "resolved": "https://registry.npmjs.org/@types/jquery/-/jquery-3.3.29.tgz",
      "integrity": "sha512-FhJvBninYD36v3k6c+bVk1DSZwh7B5Dpb/Pyk3HKVsiohn0nhbefZZ+3JXbWQhFyt0MxSl2jRDdGQPHeOHFXrQ==",
      "requires": {
        "@types/sizzle": "*"
      }
    },
    "@types/sizzle": {
      "version": "2.3.2",
      "resolved": "https://registry.npmjs.org/@types/sizzle/-/sizzle-2.3.2.tgz",
      "integrity": "sha512-7EJYyKTL7tFR8+gDbB6Wwz/arpGa0Mywk1TJbNzKzHtzbwVmY4HR9WqS5VV7dsBUKQmPNr192jHr/VpBluj/hg=="
    },
    "accepts": {
      "version": "1.3.3",
      "resolved": "https://registry.npmjs.org/accepts/-/accepts-1.3.3.tgz",
      "integrity": "sha1-w8p0NJOGSMPg2cHjKN1otiLChMo=",
      "requires": {
        "mime-types": "~2.1.11",
        "negotiator": "0.6.1"
      }
    },
    "after": {
      "version": "0.8.2",
      "resolved": "https://registry.npmjs.org/after/-/after-0.8.2.tgz",
      "integrity": "sha1-/ts5T58OAqqXaOcCvaI7UF+ufh8="
    },
    "argparse": {
      "version": "0.1.16",
      "resolved": "https://registry.npmjs.org/argparse/-/argparse-0.1.16.tgz",
      "integrity": "sha1-z9AeD7uj1srtBJ+9dY1A9lGW9Xw=",
      "requires": {
        "underscore": "~1.7.0",
        "underscore.string": "~2.4.0"
      }
    },
    "arraybuffer.slice": {
      "version": "0.0.6",
      "resolved": "https://registry.npmjs.org/arraybuffer.slice/-/arraybuffer.slice-0.0.6.tgz",
      "integrity": "sha1-8zshWfBTKj8xB6JywMz70a0peco="
    },
    "assertion": {
      "version": "1.3.35",
      "resolved": "https://registry.npmjs.org/assertion/-/assertion-1.3.35.tgz",
      "integrity": "sha1-TAJxAE7RP1FToUTVkoQ4/USuguo="
    },
    "atma-formatter": {
      "version": "0.8.15",
      "resolved": "https://registry.npmjs.org/atma-formatter/-/atma-formatter-0.8.15.tgz",
      "integrity": "sha1-rcg2SMNQllfFLGntVf5SH7OjBaw="
    },
    "atma-io-middleware-base": {
      "version": "1.0.37",
      "resolved": "https://registry.npmjs.org/atma-io-middleware-base/-/atma-io-middleware-base-1.0.37.tgz",
      "integrity": "sha512-8vDnu+fZJcNeyq0z6HLF411a7npn8bm3YYJ9/MTJJsxE8FNR7oHNgDHo5dzi8FmyJi1XySl1WKvYUaOeR6vL+Q==",
      "requires": {
        "appcfg": "^0.2.46",
        "assertion": "^1.3.34",
        "atma-utils": "^0.1.13",
        "xxhashjs": "^0.2.2"
      },
      "dependencies": {
        "appcfg": {
          "version": "0.2.56",
          "resolved": "https://registry.npmjs.org/appcfg/-/appcfg-0.2.56.tgz",
          "integrity": "sha512-f9uHa32sSOKU9rHtcHIn20XMSwYTDtx8q1zt8pA2kZtyDnh9jT+UaWsmRJVL+Q9oTjNR+qRNMP4ahqqcpyrPXA==",
          "requires": {
            "atma-class": "^1.1.70",
            "atma-io": "^1.1.7",
            "atma-utils": "^0.1.6"
          }
        },
        "atma-class": {
          "version": "1.1.83",
          "resolved": "https://registry.npmjs.org/atma-class/-/atma-class-1.1.83.tgz",
          "integrity": "sha512-3692C8mQYaDOTj009zqgvPMCmRH2Vp+sgKguSuqk2SFb+bJsqbuAYNOhJaWG7g4NvpekAiscYsB21B9qmghXug=="
        },
        "atma-io": {
          "version": "1.2.26",
          "resolved": "https://registry.npmjs.org/atma-io/-/atma-io-1.2.26.tgz",
          "integrity": "sha512-5p35AGSnNiusTTJKWDXWOQuJB1W/H6DmJV68snUTS+DY3aYQt4Z5yEuFopo9FLXj+etpmETlgigTezfWlnSi5w==",
          "requires": {
            "atma-class": "^1.1.82",
            "atma-io-middleware-uglify": "^1.1.24",
            "atma-logger": ">0.0.81",
            "atma-utils": "^0.1.24"
          }
        },
        "atma-logger": {
          "version": "1.0.2",
          "resolved": "https://registry.npmjs.org/atma-logger/-/atma-logger-1.0.2.tgz",
          "integrity": "sha1-0eVJsksJ8osd0QX3u6DQoks4EXM=",
          "requires": {
            "atma-formatter": ">0.8.7"
          }
        },
        "atma-utils": {
          "version": "0.1.24",
          "resolved": "https://registry.npmjs.org/atma-utils/-/atma-utils-0.1.24.tgz",
          "integrity": "sha512-KGSmqQd1VR5FDL7RbFv2bIlEYklh2iEMy5+g0Qkk/z0bdRIIXDZzH920dfwfFK3qDSyS37wXSjDtbLgq6VoKHA=="
        }
      }
    },
    "atma-io-middleware-uglify": {
      "version": "1.1.25",
      "resolved": "https://registry.npmjs.org/atma-io-middleware-uglify/-/atma-io-middleware-uglify-1.1.25.tgz",
      "integrity": "sha512-EAB2SrErhjhxeMNOvTy1MjS26YAoHFANS1yvfhivRL/QMXRz9bjBMv+HSHPYZ1OdQo73R5Mq/KGK7df+6O/7Rg==",
      "requires": {
        "atma-io-middleware-base": "^1.0.37",
        "uglify-js": "^3.1.3"
      }
    },
    "atma-loader-stacktrace": {
      "version": "0.1.1",
      "resolved": "https://registry.npmjs.org/atma-loader-stacktrace/-/atma-loader-stacktrace-0.1.1.tgz",
      "integrity": "sha1-5vABTrZhlHdajr9XPCVHivQdKKg=",
      "requires": {
        "source-map-support": ">0.0.0"
      }
    },
    "atma-loader-ts": {
      "version": "1.1.11",
      "resolved": "https://registry.npmjs.org/atma-loader-ts/-/atma-loader-ts-1.1.11.tgz",
      "integrity": "sha512-wkPehVUrt8PifweY2rZcoaafHvBXYuEHvqjNYMBffnT0Z0PFvTfFBrI8d0cVx6Zn7wCRJMmTVDE8wl1aRGmnAQ==",
      "requires": {
        "atma-io-middleware-base": "^1.0.34",
        "atma-loader-stacktrace": "^0.1.1",
        "atma-utils": "^0.1.13",
        "typescript": "^3.0.3"
      },
      "dependencies": {
        "atma-utils": {
          "version": "0.1.24",
          "resolved": "https://registry.npmjs.org/atma-utils/-/atma-utils-0.1.24.tgz",
          "integrity": "sha512-KGSmqQd1VR5FDL7RbFv2bIlEYklh2iEMy5+g0Qkk/z0bdRIIXDZzH920dfwfFK3qDSyS37wXSjDtbLgq6VoKHA=="
        }
      }
    },
    "atma-server": {
      "version": "0.4.18",
      "resolved": "https://registry.npmjs.org/atma-server/-/atma-server-0.4.18.tgz",
      "integrity": "sha512-dXBc3AjSvkUJGKzXtWsc8nczuWafTDe+RB++W8igxrpS+dXan4sMtG0A7d1ZrIYMoksFtuLxyduTcIOPkMyZ4w==",
      "requires": {
        "appcfg": "^0.2.51",
        "atma-class": "^1.1.79",
        "atma-io": "^1.1.3",
        "atma-loader-ts": "^1.0.0",
        "atma-logger": ">0.0.81",
        "atma-utils": "^0.1.8",
        "includejs": "^0.12.70",
        "maskjs": ">=0.54.23",
        "ruta": "^0.2.32",
        "socket.io": "^1.3.5",
        "static-content": "^1.1.25"
      },
      "dependencies": {
        "appcfg": {
          "version": "0.2.56",
          "resolved": "https://registry.npmjs.org/appcfg/-/appcfg-0.2.56.tgz",
          "integrity": "sha512-f9uHa32sSOKU9rHtcHIn20XMSwYTDtx8q1zt8pA2kZtyDnh9jT+UaWsmRJVL+Q9oTjNR+qRNMP4ahqqcpyrPXA==",
          "requires": {
            "atma-class": "^1.1.70",
            "atma-io": "^1.1.7",
            "atma-utils": "^0.1.6"
          }
        },
        "atma-class": {
          "version": "1.1.83",
          "resolved": "https://registry.npmjs.org/atma-class/-/atma-class-1.1.83.tgz",
          "integrity": "sha512-3692C8mQYaDOTj009zqgvPMCmRH2Vp+sgKguSuqk2SFb+bJsqbuAYNOhJaWG7g4NvpekAiscYsB21B9qmghXug=="
        },
        "atma-io": {
          "version": "1.2.26",
          "resolved": "https://registry.npmjs.org/atma-io/-/atma-io-1.2.26.tgz",
          "integrity": "sha512-5p35AGSnNiusTTJKWDXWOQuJB1W/H6DmJV68snUTS+DY3aYQt4Z5yEuFopo9FLXj+etpmETlgigTezfWlnSi5w==",
          "requires": {
            "atma-class": "^1.1.82",
            "atma-io-middleware-uglify": "^1.1.24",
            "atma-logger": ">0.0.81",
            "atma-utils": "^0.1.24"
          }
        },
        "atma-io-middleware-yml": {
          "version": "1.1.25",
          "resolved": "https://registry.npmjs.org/atma-io-middleware-yml/-/atma-io-middleware-yml-1.1.25.tgz",
          "integrity": "sha512-SxfPg9nlxDMDj4JQ8/TW7MsGnblmLiDxho9htZM66KoiHr/qbFyfFNSotVKIHcpFpF7ndql9id7WDvE7QyKw3g==",
          "requires": {
            "atma-io-middleware-base": "^1.0.13",
            "yamljs": "~0.1.0"
          }
        },
        "atma-logger": {
          "version": "1.0.2",
          "resolved": "https://registry.npmjs.org/atma-logger/-/atma-logger-1.0.2.tgz",
          "integrity": "sha1-0eVJsksJ8osd0QX3u6DQoks4EXM=",
          "requires": {
            "atma-formatter": ">0.8.7"
          }
        },
        "atma-utils": {
          "version": "0.1.24",
          "resolved": "https://registry.npmjs.org/atma-utils/-/atma-utils-0.1.24.tgz",
          "integrity": "sha512-KGSmqQd1VR5FDL7RbFv2bIlEYklh2iEMy5+g0Qkk/z0bdRIIXDZzH920dfwfFK3qDSyS37wXSjDtbLgq6VoKHA=="
        },
        "includejs": {
          "version": "0.12.70",
          "resolved": "https://registry.npmjs.org/includejs/-/includejs-0.12.70.tgz",
          "integrity": "sha512-00t6i7Oc4WTsAJND3oHt70+75iWvbZNd4DErfKw+UgneDegi5r5dOfqrKjxH3GHmn/NT4f6exKLQTOMKQtXGeQ=="
        },
        "maskjs": {
          "version": "0.65.43",
          "resolved": "https://registry.npmjs.org/maskjs/-/maskjs-0.65.43.tgz",
          "integrity": "sha512-LeZ4cjsZ+rILeff3RZ2EOrwRRd0a1Cm86HQiTyUnrPywRH3F2jdOvZ6ksyFJ9wbwiSg8vATP0LV2TMqJKiYh1Q==",
          "requires": {
            "atma-io-middleware-yml": "^1.1.25"
          }
        },
        "ruta": {
          "version": "0.2.55",
          "resolved": "https://registry.npmjs.org/ruta/-/ruta-0.2.55.tgz",
          "integrity": "sha512-p/mnTRDN4wl16Fe9xqQ+elkf8XuQXWIJlvxVHWe/AUPHQwlkBOokemuHtb7qiV0/4MTFtzpiF5MBs6JzzRm47A==",
          "requires": {
            "@types/jquery": "^3.2.12"
          }
        }
      }
    },
    "atma-utils": {
      "version": "0.1.25",
      "resolved": "https://registry.npmjs.org/atma-utils/-/atma-utils-0.1.25.tgz",
      "integrity": "sha512-KVvlenzntqaJwooNPUkGKF3yH+qBJul7ET5UWPl57ESWSWFXwxVEKigYXQvCtIyR3Clz5kiSlywgBhGNctVAJA=="
    },
    "backo2": {
      "version": "1.0.2",
      "resolved": "https://registry.npmjs.org/backo2/-/backo2-1.0.2.tgz",
      "integrity": "sha1-MasayLEpNjRj41s+u2n038+6eUc="
    },
    "base64-arraybuffer": {
      "version": "0.1.5",
      "resolved": "https://registry.npmjs.org/base64-arraybuffer/-/base64-arraybuffer-0.1.5.tgz",
      "integrity": "sha1-c5JncZI7Whl0etZmqlzUv5xunOg="
    },
    "base64id": {
      "version": "1.0.0",
      "resolved": "https://registry.npmjs.org/base64id/-/base64id-1.0.0.tgz",
      "integrity": "sha1-R2iMuZu2gE8OBtPnY7HDLlfY5rY="
    },
    "better-assert": {
      "version": "1.0.2",
      "resolved": "https://registry.npmjs.org/better-assert/-/better-assert-1.0.2.tgz",
      "integrity": "sha1-QIZrnhueC1W0gYlDEeaPr/rrxSI=",
      "requires": {
        "callsite": "1.0.0"
      }
    },
    "blob": {
      "version": "0.0.4",
      "resolved": "https://registry.npmjs.org/blob/-/blob-0.0.4.tgz",
      "integrity": "sha1-vPEwUspURj8w+fx+lbmkdjCpSSE="
    },
    "buffer-from": {
      "version": "1.1.1",
      "resolved": "https://registry.npmjs.org/buffer-from/-/buffer-from-1.1.1.tgz",
      "integrity": "sha512-MQcXEUbCKtEo7bhqEs6560Hyd4XaovZlO/k9V3hjVUF/zwW7KBVdSK4gIt/bzwS9MbR5qob+F5jusZsb0YQK2A=="
    },
    "callsite": {
      "version": "1.0.0",
      "resolved": "https://registry.npmjs.org/callsite/-/callsite-1.0.0.tgz",
      "integrity": "sha1-KAOY5dZkvXQDi28JBRU+borxvCA="
    },
    "commander": {
      "version": "2.19.0",
      "resolved": "https://registry.npmjs.org/commander/-/commander-2.19.0.tgz",
      "integrity": "sha512-6tvAOO+D6OENvRAh524Dh9jcfKTYDQAqvqezbCW82xj5X0pSrcpxtvRKHLG0yBY6SD7PSDrJaj+0AiOcKVd1Xg=="
    },
    "component-bind": {
      "version": "1.0.0",
      "resolved": "https://registry.npmjs.org/component-bind/-/component-bind-1.0.0.tgz",
      "integrity": "sha1-AMYIq33Nk4l8AAllGx06jh5zu9E="
    },
    "component-emitter": {
      "version": "1.1.2",
      "resolved": "https://registry.npmjs.org/component-emitter/-/component-emitter-1.1.2.tgz",
      "integrity": "sha1-KWWU8nU9qmOZbSrwjRWpURbJrsM="
    },
    "component-inherit": {
      "version": "0.0.3",
      "resolved": "https://registry.npmjs.org/component-inherit/-/component-inherit-0.0.3.tgz",
      "integrity": "sha1-ZF/ErfWLcrZJ1crmUTVhnbJv8UM="
    },
    "cookie": {
      "version": "0.3.1",
      "resolved": "https://registry.npmjs.org/cookie/-/cookie-0.3.1.tgz",
      "integrity": "sha1-5+Ch+e9DtMi6klxcWpboBtFoc7s="
    },
    "cuint": {
      "version": "0.2.2",
      "resolved": "https://registry.npmjs.org/cuint/-/cuint-0.2.2.tgz",
      "integrity": "sha1-QICG1AlVDCYxFVYZ6fp7ytw7mRs="
    },
    "debug": {
      "version": "2.3.3",
      "resolved": "https://registry.npmjs.org/debug/-/debug-2.3.3.tgz",
      "integrity": "sha1-QMRT5n5uE8kB3ewxeviYbNqe/4w=",
      "requires": {
        "ms": "0.7.2"
      }
    },
    "engine.io": {
      "version": "1.8.5",
      "resolved": "https://registry.npmjs.org/engine.io/-/engine.io-1.8.5.tgz",
      "integrity": "sha512-j1DWIcktw4hRwrv6nWx++5nFH2X64x16MAG2P0Lmi5Dvdfi3I+Jhc7JKJIdAmDJa+5aZ/imHV7dWRPy2Cqjh3A==",
      "requires": {
        "accepts": "1.3.3",
        "base64id": "1.0.0",
        "cookie": "0.3.1",
        "debug": "2.3.3",
        "engine.io-parser": "1.3.2",
        "ws": "~1.1.5"
      }
    },
    "engine.io-client": {
      "version": "1.8.5",
      "resolved": "https://registry.npmjs.org/engine.io-client/-/engine.io-client-1.8.5.tgz",
      "integrity": "sha512-AYTgHyeVUPitsseqjoedjhYJapNVoSPShbZ+tEUX9/73jgZ/Z3sUlJf9oYgdEBBdVhupUpUqSxH0kBCXlQnmZg==",
      "requires": {
        "component-emitter": "1.2.1",
        "component-inherit": "0.0.3",
        "debug": "2.3.3",
        "engine.io-parser": "1.3.2",
        "has-cors": "1.1.0",
        "indexof": "0.0.1",
        "parsejson": "0.0.3",
        "parseqs": "0.0.5",
        "parseuri": "0.0.5",
        "ws": "~1.1.5",
        "xmlhttprequest-ssl": "1.5.3",
        "yeast": "0.1.2"
      },
      "dependencies": {
        "component-emitter": {
          "version": "1.2.1",
          "resolved": "https://registry.npmjs.org/component-emitter/-/component-emitter-1.2.1.tgz",
          "integrity": "sha1-E3kY1teCg/ffemt8WmPhQOaUJeY="
        }
      }
    },
    "engine.io-parser": {
      "version": "1.3.2",
      "resolved": "https://registry.npmjs.org/engine.io-parser/-/engine.io-parser-1.3.2.tgz",
      "integrity": "sha1-k3sHnwAH0Ik+xW1GyyILjLQ1Igo=",
      "requires": {
        "after": "0.8.2",
        "arraybuffer.slice": "0.0.6",
        "base64-arraybuffer": "0.1.5",
        "blob": "0.0.4",
        "has-binary": "0.1.7",
        "wtf-8": "1.0.0"
      }
    },
    "glob": {
      "version": "3.1.21",
      "resolved": "https://registry.npmjs.org/glob/-/glob-3.1.21.tgz",
      "integrity": "sha1-0p4KBV3qUTj00H7UDomC6DwgZs0=",
      "requires": {
        "graceful-fs": "~1.2.0",
        "inherits": "1",
        "minimatch": "~0.2.11"
      }
    },
    "graceful-fs": {
      "version": "1.2.3",
      "resolved": "https://registry.npmjs.org/graceful-fs/-/graceful-fs-1.2.3.tgz",
      "integrity": "sha1-FaSAaldUfLLS2/J/QuiajDRRs2Q="
    },
    "has-binary": {
      "version": "0.1.7",
      "resolved": "https://registry.npmjs.org/has-binary/-/has-binary-0.1.7.tgz",
      "integrity": "sha1-aOYesWIQyVRaClzOBqhzkS/h5ow=",
      "requires": {
        "isarray": "0.0.1"
      }
    },
    "has-cors": {
      "version": "1.1.0",
      "resolved": "https://registry.npmjs.org/has-cors/-/has-cors-1.1.0.tgz",
      "integrity": "sha1-XkdHk/fqmEPRu5nCPu9J/xJv/zk="
    },
    "indexof": {
      "version": "0.0.1",
      "resolved": "https://registry.npmjs.org/indexof/-/indexof-0.0.1.tgz",
      "integrity": "sha1-gtwzbSMrkGIXnQWrMpOmYFn9Q10="
    },
    "inherits": {
      "version": "1.0.2",
      "resolved": "https://registry.npmjs.org/inherits/-/inherits-1.0.2.tgz",
      "integrity": "sha1-ykMJ2t7mtUzAuNJH6NfHoJdb3Js="
    },
    "isarray": {
      "version": "0.0.1",
      "resolved": "https://registry.npmjs.org/isarray/-/isarray-0.0.1.tgz",
      "integrity": "sha1-ihis/Kmo9Bd+Cav8YDiTmwXR7t8="
    },
    "json3": {
      "version": "3.3.2",
      "resolved": "https://registry.npmjs.org/json3/-/json3-3.3.2.tgz",
      "integrity": "sha1-PAQ0dD35Pi9cQq7nsZvLSDV19OE="
    },
    "lru-cache": {
      "version": "2.7.3",
      "resolved": "https://registry.npmjs.org/lru-cache/-/lru-cache-2.7.3.tgz",
      "integrity": "sha1-bUUk6LlV+V1PW1iFHOId1y+06VI="
    },
    "mime-db": {
      "version": "1.38.0",
      "resolved": "https://registry.npmjs.org/mime-db/-/mime-db-1.38.0.tgz",
      "integrity": "sha512-bqVioMFFzc2awcdJZIzR3HjZFX20QhilVS7hytkKrv7xFAn8bM1gzc/FOX2awLISvWe0PV8ptFKcon+wZ5qYkg=="
    },
    "mime-types": {
      "version": "2.1.22",
      "resolved": "https://registry.npmjs.org/mime-types/-/mime-types-2.1.22.tgz",
      "integrity": "sha512-aGl6TZGnhm/li6F7yx82bJiBZwgiEa4Hf6CNr8YO+r5UHr53tSTYZb102zyU50DOWWKeOv0uQLRL0/9EiKWCog==",
      "requires": {
        "mime-db": "~1.38.0"
      }
    },
    "minimatch": {
      "version": "0.2.14",
      "resolved": "https://registry.npmjs.org/minimatch/-/minimatch-0.2.14.tgz",
      "integrity": "sha1-x054BXT2PG+aCQ6Q775u9TpqdWo=",
      "requires": {
        "lru-cache": "2",
        "sigmund": "~1.0.0"
      }
    },
    "ms": {
      "version": "0.7.2",
      "resolved": "https://registry.npmjs.org/ms/-/ms-0.7.2.tgz",
      "integrity": "sha1-riXPJRKziFodldfwN4aNhDESR2U="
    },
    "negotiator": {
      "version": "0.6.1",
      "resolved": "https://registry.npmjs.org/negotiator/-/negotiator-0.6.1.tgz",
      "integrity": "sha1-KzJxhOiZIQEXeyhWP7XnECrNDKk="
    },
    "object-assign": {
      "version": "4.1.0",
      "resolved": "https://registry.npmjs.org/object-assign/-/object-assign-4.1.0.tgz",
      "integrity": "sha1-ejs9DpgGPUP0wD8uiubNUahog6A="
    },
    "object-component": {
      "version": "0.0.3",
      "resolved": "https://registry.npmjs.org/object-component/-/object-component-0.0.3.tgz",
      "integrity": "sha1-8MaapQ78lbhmwYb0AKM3acsvEpE="
    },
    "options": {
      "version": "0.0.6",
      "resolved": "https://registry.npmjs.org/options/-/options-0.0.6.tgz",
      "integrity": "sha1-7CLTEoBrtT5zF3Pnza788cZDEo8="
    },
    "parsejson": {
      "version": "0.0.3",
      "resolved": "https://registry.npmjs.org/parsejson/-/parsejson-0.0.3.tgz",
      "integrity": "sha1-q343WfIJ7OmUN5c/fQ8fZK4OZKs=",
      "requires": {
        "better-assert": "~1.0.0"
      }
    },
    "parseqs": {
      "version": "0.0.5",
      "resolved": "https://registry.npmjs.org/parseqs/-/parseqs-0.0.5.tgz",
      "integrity": "sha1-1SCKNzjkZ2bikbouoXNoSSGouJ0=",
      "requires": {
        "better-assert": "~1.0.0"
      }
    },
    "parseuri": {
      "version": "0.0.5",
      "resolved": "https://registry.npmjs.org/parseuri/-/parseuri-0.0.5.tgz",
      "integrity": "sha1-gCBKUNTbt3m/3G6+J3jZDkvOMgo=",
      "requires": {
        "better-assert": "~1.0.0"
      }
    },
    "sigmund": {
      "version": "1.0.1",
      "resolved": "https://registry.npmjs.org/sigmund/-/sigmund-1.0.1.tgz",
      "integrity": "sha1-P/IfGYytIXX587eBhT/ZTQ0ZtZA="
    },
    "socket.io": {
      "version": "1.7.4",
      "resolved": "https://registry.npmjs.org/socket.io/-/socket.io-1.7.4.tgz",
      "integrity": "sha1-L37O3DORvy1cc+KR/iM+bjTU3QA=",
      "requires": {
        "debug": "2.3.3",
        "engine.io": "~1.8.4",
        "has-binary": "0.1.7",
        "object-assign": "4.1.0",
        "socket.io-adapter": "0.5.0",
        "socket.io-client": "1.7.4",
        "socket.io-parser": "2.3.1"
      }
    },
    "socket.io-adapter": {
      "version": "0.5.0",
      "resolved": "https://registry.npmjs.org/socket.io-adapter/-/socket.io-adapter-0.5.0.tgz",
      "integrity": "sha1-y21LuL7IHhB4uZZ3+c7QBGBmu4s=",
      "requires": {
        "debug": "2.3.3",
        "socket.io-parser": "2.3.1"
      }
    },
    "socket.io-client": {
      "version": "1.7.4",
      "resolved": "https://registry.npmjs.org/socket.io-client/-/socket.io-client-1.7.4.tgz",
      "integrity": "sha1-7J+CA1btme9tNX8HVtZIcXvdQoE=",
      "requires": {
        "backo2": "1.0.2",
        "component-bind": "1.0.0",
        "component-emitter": "1.2.1",
        "debug": "2.3.3",
        "engine.io-client": "~1.8.4",
        "has-binary": "0.1.7",
        "indexof": "0.0.1",
        "object-component": "0.0.3",
        "parseuri": "0.0.5",
        "socket.io-parser": "2.3.1",
        "to-array": "0.1.4"
      },
      "dependencies": {
        "component-emitter": {
          "version": "1.2.1",
          "resolved": "https://registry.npmjs.org/component-emitter/-/component-emitter-1.2.1.tgz",
          "integrity": "sha1-E3kY1teCg/ffemt8WmPhQOaUJeY="
        }
      }
    },
    "socket.io-parser": {
      "version": "2.3.1",
      "resolved": "https://registry.npmjs.org/socket.io-parser/-/socket.io-parser-2.3.1.tgz",
      "integrity": "sha1-3VMgJRA85Clpcya+/WQAX8/ltKA=",
      "requires": {
        "component-emitter": "1.1.2",
        "debug": "2.2.0",
        "isarray": "0.0.1",
        "json3": "3.3.2"
      },
      "dependencies": {
        "debug": {
          "version": "2.2.0",
          "resolved": "https://registry.npmjs.org/debug/-/debug-2.2.0.tgz",
          "integrity": "sha1-+HBX6ZWxofauaklgZkE3vFbwOdo=",
          "requires": {
            "ms": "0.7.1"
          }
        },
        "ms": {
          "version": "0.7.1",
          "resolved": "https://registry.npmjs.org/ms/-/ms-0.7.1.tgz",
          "integrity": "sha1-nNE8A62/8ltl7/3nzoZO6VIBcJg="
        }
      }
    },
    "source-map": {
      "version": "0.6.1",
      "resolved": "https://registry.npmjs.org/source-map/-/source-map-0.6.1.tgz",
      "integrity": "sha512-UjgapumWlbMhkBgzT7Ykc5YXUT46F0iKu8SGXq0bcwP5dz/h0Plj6enJqjz1Zbq2l5WaqYnrVbwWOWMyF3F47g=="
    },
    "source-map-support": {
      "version": "0.5.11",
      "resolved": "https://registry.npmjs.org/source-map-support/-/source-map-support-0.5.11.tgz",
      "integrity": "sha512-//sajEx/fGL3iw6fltKMdPvy8kL3kJ2O3iuYlRoT3k9Kb4BjOoZ+BZzaNHeuaruSt+Kf3Zk9tnfAQg9/AJqUVQ==",
      "requires": {
        "buffer-from": "^1.0.0",
        "source-map": "^0.6.0"
      }
    },
    "static-content": {
      "version": "1.1.27",
      "resolved": "https://registry.npmjs.org/static-content/-/static-content-1.1.27.tgz",
      "integrity": "sha512-TQCa6K+T3R35gU/nFpJvhjEnPHAzBVfS2v/dQpcb2LV8oPp2xBLYuhQ/TPd/G6XYg2f1PeVbJGMe6cckF/o8iQ==",
      "requires": {
        "atma-io": "*",
        "atma-utils": "^0.1.6"
      },
      "dependencies": {
        "atma-class": {
          "version": "1.1.83",
          "resolved": "https://registry.npmjs.org/atma-class/-/atma-class-1.1.83.tgz",
          "integrity": "sha512-3692C8mQYaDOTj009zqgvPMCmRH2Vp+sgKguSuqk2SFb+bJsqbuAYNOhJaWG7g4NvpekAiscYsB21B9qmghXug=="
        },
        "atma-io": {
          "version": "1.2.26",
          "resolved": "https://registry.npmjs.org/atma-io/-/atma-io-1.2.26.tgz",
          "integrity": "sha512-5p35AGSnNiusTTJKWDXWOQuJB1W/H6DmJV68snUTS+DY3aYQt4Z5yEuFopo9FLXj+etpmETlgigTezfWlnSi5w==",
          "requires": {
            "atma-class": "^1.1.82",
            "atma-io-middleware-uglify": "^1.1.24",
            "atma-logger": ">0.0.81",
            "atma-utils": "^0.1.24"
          }
        },
        "atma-logger": {
          "version": "1.0.2",
          "resolved": "https://registry.npmjs.org/atma-logger/-/atma-logger-1.0.2.tgz",
          "integrity": "sha1-0eVJsksJ8osd0QX3u6DQoks4EXM=",
          "requires": {
            "atma-formatter": ">0.8.7"
          }
        },
        "atma-utils": {
          "version": "0.1.24",
          "resolved": "https://registry.npmjs.org/atma-utils/-/atma-utils-0.1.24.tgz",
          "integrity": "sha512-KGSmqQd1VR5FDL7RbFv2bIlEYklh2iEMy5+g0Qkk/z0bdRIIXDZzH920dfwfFK3qDSyS37wXSjDtbLgq6VoKHA=="
        }
      }
    },
    "to-array": {
      "version": "0.1.4",
      "resolved": "https://registry.npmjs.org/to-array/-/to-array-0.1.4.tgz",
      "integrity": "sha1-F+bBH3PdTz10zaek/zI46a2b+JA="
    },
    "typescript": {
      "version": "3.3.4000",
      "resolved": "https://registry.npmjs.org/typescript/-/typescript-3.3.4000.tgz",
      "integrity": "sha512-jjOcCZvpkl2+z7JFn0yBOoLQyLoIkNZAs/fYJkUG6VKy6zLPHJGfQJYFHzibB6GJaF/8QrcECtlQ5cpvRHSMEA=="
    },
    "uglify-js": {
      "version": "3.5.2",
      "resolved": "https://registry.npmjs.org/uglify-js/-/uglify-js-3.5.2.tgz",
      "integrity": "sha512-imog1WIsi9Yb56yRt5TfYVxGmnWs3WSGU73ieSOlMVFwhJCA9W8fqFFMMj4kgDqiS/80LGdsYnWL7O9UcjEBlg==",
      "requires": {
        "commander": "~2.19.0",
        "source-map": "~0.6.1"
      }
    },
    "ultron": {
      "version": "1.0.2",
      "resolved": "https://registry.npmjs.org/ultron/-/ultron-1.0.2.tgz",
      "integrity": "sha1-rOEWq1V80Zc4ak6I9GhTeMiy5Po="
    },
    "underscore": {
      "version": "1.7.0",
      "resolved": "https://registry.npmjs.org/underscore/-/underscore-1.7.0.tgz",
      "integrity": "sha1-a7rwh3UA02vjTsqlhODbn+8DUgk="
    },
    "underscore.string": {
      "version": "2.4.0",
      "resolved": "https://registry.npmjs.org/underscore.string/-/underscore.string-2.4.0.tgz",
      "integrity": "sha1-jN2PusTi0uoefi6Al8QvRCKA+Fs="
    },
    "ws": {
      "version": "1.1.5",
      "resolved": "https://registry.npmjs.org/ws/-/ws-1.1.5.tgz",
      "integrity": "sha512-o3KqipXNUdS7wpQzBHSe180lBGO60SoK0yVo3CYJgb2MkobuWuBX6dhkYP5ORCLd55y+SaflMOV5fqAB53ux4w==",
      "requires": {
        "options": ">=0.0.5",
        "ultron": "1.0.x"
      }
    },
    "wtf-8": {
      "version": "1.0.0",
      "resolved": "https://registry.npmjs.org/wtf-8/-/wtf-8-1.0.0.tgz",
      "integrity": "sha1-OS2LotDxw00e4tYw8V0O+2jhBIo="
    },
    "xmlhttprequest-ssl": {
      "version": "1.5.3",
      "resolved": "https://registry.npmjs.org/xmlhttprequest-ssl/-/xmlhttprequest-ssl-1.5.3.tgz",
      "integrity": "sha1-GFqIjATspGw+QHDZn3tJ3jUomS0="
    },
    "xxhashjs": {
      "version": "0.2.2",
      "resolved": "https://registry.npmjs.org/xxhashjs/-/xxhashjs-0.2.2.tgz",
      "integrity": "sha512-AkTuIuVTET12tpsVIQo+ZU6f/qDmKuRUcjaqR+OIvm+aCBsZ95i7UVY5WJ9TMsSaZ0DA2WxoZ4acu0sPH+OKAw==",
      "requires": {
        "cuint": "^0.2.2"
      }
    },
    "yamljs": {
      "version": "0.1.6",
      "resolved": "https://registry.npmjs.org/yamljs/-/yamljs-0.1.6.tgz",
      "integrity": "sha1-TypwR/JV842mxfDxuBSAbv5LFsk=",
      "requires": {
        "argparse": "~0.1.4",
        "glob": "~3.1.11"
      }
    },
    "yeast": {
      "version": "0.1.2",
      "resolved": "https://registry.npmjs.org/yeast/-/yeast-0.1.2.tgz",
      "integrity": "sha1-AI4G2AlDIMNy28L47XagymyKxBk="
    }
  }
}
